
Microsoft Visual Studio Solution File, Format Version 12.00
# Visual Studio 15
VisualStudioVersion = 15.0.27703.2026
MinimumVisualStudioVersion = 10.0.40219.1
Project("{FAE04EC0-301F-11D3-BF4B-00C04F79EFBC}") = "ImageService", "ImageService\ImageService.csproj", "{F8A4F80E-8FAB-45D2-8359-238142AAE957}"
EndProject
Project("{FAE04EC0-301F-11D3-BF4B-00C04F79EFBC}") = "ImageService.Logging", "ImageService.Logging\ImageService.Logging.csproj", "{FCEAC3EF-0AB9-4773-9691-49B532D374FC}"
EndProject
Project("{FAE04EC0-301F-11D3-BF4B-00C04F79EFBC}") = "ImageService.Infrastructure", "ImageService.Infrastructure\ImageService.Infrastructure.csproj", "{4AF355A8-F7C9-4417-9CC8-777E2D0962C6}"
EndProject
Project("{FAE04EC0-301F-11D3-BF4B-00C04F79EFBC}") = "ImageServiceGUI", "ImageServiceGUI\ImageServiceGUI.csproj", "{604BE689-71DB-44BF-AE7C-47DCF55D70FC}"
EndProject
Project("{FAE04EC0-301F-11D3-BF4B-00C04F79EFBC}") = "ImageService.Communication", "ImageService.Communication\ImageService.Communication.csproj", "{F910964E-A163-48B8-A902-BEBD68A8B025}"
EndProject
Project("{FAE04EC0-301F-11D3-BF4B-00C04F79EFBC}") = "ImageServiceWeb", "ImageServiceWeb\ImageServiceWeb.csproj", "{1EC15E33-7E2B-4D93-A1E4-1E94AD4F09EA}"
EndProject
Global
	GlobalSection(SolutionConfigurationPlatforms) = preSolution
		Debug|Any CPU = Debug|Any CPU
		Release|Any CPU = Release|Any CPU
	EndGlobalSection
	GlobalSection(ProjectConfigurationPlatforms) = postSolution
		{F8A4F80E-8FAB-45D2-8359-238142AAE957}.Debug|Any CPU.ActiveCfg = Debug|Any CPU
		{F8A4F80E-8FAB-45D2-8359-238142AAE957}.Debug|Any CPU.Build.0 = Debug|Any CPU
		{F8A4F80E-8FAB-45D2-8359-238142AAE957}.Release|Any CPU.ActiveCfg = Release|Any CPU
		{F8A4F80E-8FAB-45D2-8359-238142AAE957}.Release|Any CPU.Build.0 = Release|Any CPU
		{FCEAC3EF-0AB9-4773-9691-49B532D374FC}.Debug|Any CPU.ActiveCfg = Debug|Any CPU
		{FCEAC3EF-0AB9-4773-9691-49B532D374FC}.Debug|Any CPU.Build.0 = Debug|Any CPU
		{FCEAC3EF-0AB9-4773-9691-49B532D374FC}.Release|Any CPU.ActiveCfg = Release|Any CPU
		{FCEAC3EF-0AB9-4773-9691-49B532D374FC}.Release|Any CPU.Build.0 = Release|Any CPU
		{4AF355A8-F7C9-4417-9CC8-777E2D0962C6}.Debug|Any CPU.ActiveCfg = Debug|Any CPU
		{4AF355A8-F7C9-4417-9CC8-777E2D0962C6}.Debug|Any CPU.Build.0 = Debug|Any CPU
		{4AF355A8-F7C9-4417-9CC8-777E2D0962C6}.Release|Any CPU.ActiveCfg = Release|Any CPU
		{4AF355A8-F7C9-4417-9CC8-777E2D0962C6}.Release|Any CPU.Build.0 = Release|Any CPU
		{604BE689-71DB-44BF-AE7C-47DCF55D70FC}.Debug|Any CPU.ActiveCfg = Debug|Any CPU
		{604BE689-71DB-44BF-AE7C-47DCF55D70FC}.Debug|Any CPU.Build.0 = Debug|Any CPU
		{604BE689-71DB-44BF-AE7C-47DCF55D70FC}.Release|Any CPU.ActiveCfg = Release|Any CPU
		{604BE689-71DB-44BF-AE7C-47DCF55D70FC}.Release|Any CPU.Build.0 = Release|Any CPU
		{F910964E-A163-48B8-A902-BEBD68A8B025}.Debug|Any CPU.ActiveCfg = Debug|Any CPU
		{F910964E-A163-48B8-A902-BEBD68A8B025}.Debug|Any CPU.Build.0 = Debug|Any CPU
		{F910964E-A163-48B8-A902-BEBD68A8B025}.Release|Any CPU.ActiveCfg = Release|Any CPU
		{F910964E-A163-48B8-A902-BEBD68A8B025}.Release|Any CPU.Build.0 = Release|Any CPU
		{1EC15E33-7E2B-4D93-A1E4-1E94AD4F09EA}.Debug|Any CPU.ActiveCfg = Debug|Any CPU
		{1EC15E33-7E2B-4D93-A1E4-1E94AD4F09EA}.Debug|Any CPU.Build.0 = Debug|Any CPU
		{1EC15E33-7E2B-4D93-A1E4-1E94AD4F09EA}.Release|Any CPU.ActiveCfg = Release|Any CPU
		{1EC15E33-7E2B-4D93-A1E4-1E94AD4F09EA}.Release|Any CPU.Build.0 = Release|Any CPU
	EndGlobalSection
	GlobalSection(SolutionProperties) = preSolution
		HideSolutionNode = FALSE
	EndGlobalSection
	GlobalSection(ExtensibilityGlobals) = postSolution
		SolutionGuid = {932507D1-BDB2-4639-A240-3DE91A1A56A1}
	EndGlobalSection
EndGlobal
